
Microsoft Visual Studio Solution File, Format Version 12.00
# Visual Studio Version 17
VisualStudioVersion = 17.1.32210.238
MinimumVisualStudioVersion = 10.0.40219.1
Project("{FAE04EC0-301F-11D3-BF4B-00C04F79EFBC}") = "knights_tour", "knights_tour\knights_tour.csproj", "{555FA634-27B2-45DF-8F73-852ECAACA5CD}"
EndProject
Global
	GlobalSection(SolutionConfigurationPlatforms) = preSolution
		Debug|Any CPU = Debug|Any CPU
		Release|Any CPU = Release|Any CPU
	EndGlobalSection
	GlobalSection(ProjectConfigurationPlatforms) = postSolution
		{555FA634-27B2-45DF-8F73-852ECAACA5CD}.Debug|Any CPU.ActiveCfg = Debug|Any CPU
		{555FA634-27B2-45DF-8F73-852ECAACA5CD}.Debug|Any CPU.Build.0 = Debug|Any CPU
		{555FA634-27B2-45DF-8F73-852ECAACA5CD}.Release|Any CPU.ActiveCfg = Release|Any CPU
		{555FA634-27B2-45DF-8F73-852ECAACA5CD}.Release|Any CPU.Build.0 = Release|Any CPU
	EndGlobalSection
	GlobalSection(SolutionProperties) = preSolution
		HideSolutionNode = FALSE
	EndGlobalSection
	GlobalSection(ExtensibilityGlobals) = postSolution
		SolutionGuid = {70A8C835-382F-4570-95D8-7E484B4913C5}
	EndGlobalSection
EndGlobal
