
Microsoft Visual Studio Solution File, Format Version 12.00
# Visual Studio Version 17
VisualStudioVersion = 17.1.32210.238
MinimumVisualStudioVersion = 10.0.40219.1
Project("{FAE04EC0-301F-11D3-BF4B-00C04F79EFBC}") = "Knights_Tour", "Knights_Tour\Knights_Tour.csproj", "{7BD5E118-0552-4AEC-B7B7-F0785214FEC3}"
EndProject
Global
	GlobalSection(SolutionConfigurationPlatforms) = preSolution
		Debug|Any CPU = Debug|Any CPU
		Release|Any CPU = Release|Any CPU
	EndGlobalSection
	GlobalSection(ProjectConfigurationPlatforms) = postSolution
		{7BD5E118-0552-4AEC-B7B7-F0785214FEC3}.Debug|Any CPU.ActiveCfg = Debug|Any CPU
		{7BD5E118-0552-4AEC-B7B7-F0785214FEC3}.Debug|Any CPU.Build.0 = Debug|Any CPU
		{7BD5E118-0552-4AEC-B7B7-F0785214FEC3}.Release|Any CPU.ActiveCfg = Release|Any CPU
		{7BD5E118-0552-4AEC-B7B7-F0785214FEC3}.Release|Any CPU.Build.0 = Release|Any CPU
	EndGlobalSection
	GlobalSection(SolutionProperties) = preSolution
		HideSolutionNode = FALSE
	EndGlobalSection
	GlobalSection(ExtensibilityGlobals) = postSolution
		SolutionGuid = {F63437B9-F4F5-4CD8-966D-0F54A1EDD5C4}
	EndGlobalSection
EndGlobal
